
Microsoft Visual Studio Solution File, Format Version 12.00
# Visual Studio Version 17
VisualStudioVersion = 17.7.34202.233
MinimumVisualStudioVersion = 10.0.40219.1
Project("{8BC9CEB8-8B4A-11D0-8D11-00A0C91BC942}") = "lab7", "lab7\lab7.vcxproj", "{B9B6C2D8-39B0-41A0-8B17-EB4697502068}"
EndProject
Global
	GlobalSection(SolutionConfigurationPlatforms) = preSolution
		Debug|x64 = Debug|x64
		Debug|x86 = Debug|x86
		Release|x64 = Release|x64
		Release|x86 = Release|x86
	EndGlobalSection
	GlobalSection(ProjectConfigurationPlatforms) = postSolution
		{B9B6C2D8-39B0-41A0-8B17-EB4697502068}.Debug|x64.ActiveCfg = Debug|x64
		{B9B6C2D8-39B0-41A0-8B17-EB4697502068}.Debug|x64.Build.0 = Debug|x64
		{B9B6C2D8-39B0-41A0-8B17-EB4697502068}.Debug|x86.ActiveCfg = Debug|Win32
		{B9B6C2D8-39B0-41A0-8B17-EB4697502068}.Debug|x86.Build.0 = Debug|Win32
		{B9B6C2D8-39B0-41A0-8B17-EB4697502068}.Release|x64.ActiveCfg = Release|x64
		{B9B6C2D8-39B0-41A0-8B17-EB4697502068}.Release|x64.Build.0 = Release|x64
		{B9B6C2D8-39B0-41A0-8B17-EB4697502068}.Release|x86.ActiveCfg = Release|Win32
		{B9B6C2D8-39B0-41A0-8B17-EB4697502068}.Release|x86.Build.0 = Release|Win32
	EndGlobalSection
	GlobalSection(SolutionProperties) = preSolution
		HideSolutionNode = FALSE
	EndGlobalSection
	GlobalSection(ExtensibilityGlobals) = postSolution
		SolutionGuid = {3E4EBB41-1C0D-4816-B49F-B926C04F2BB2}
	EndGlobalSection
EndGlobal
