
Microsoft Visual Studio Solution File, Format Version 12.00
# Visual Studio Version 17
VisualStudioVersion = 17.7.34202.233
MinimumVisualStudioVersion = 10.0.40219.1
Project("{8BC9CEB8-8B4A-11D0-8D11-00A0C91BC942}") = "lab7", "lab7\lab7.vcxproj", "{BBB3AD12-47D6-43B2-B8DF-E99A24A5C9A4}"
EndProject
Global
	GlobalSection(SolutionConfigurationPlatforms) = preSolution
		Debug|x64 = Debug|x64
		Debug|x86 = Debug|x86
		Release|x64 = Release|x64
		Release|x86 = Release|x86
	EndGlobalSection
	GlobalSection(ProjectConfigurationPlatforms) = postSolution
		{BBB3AD12-47D6-43B2-B8DF-E99A24A5C9A4}.Debug|x64.ActiveCfg = Debug|x64
		{BBB3AD12-47D6-43B2-B8DF-E99A24A5C9A4}.Debug|x64.Build.0 = Debug|x64
		{BBB3AD12-47D6-43B2-B8DF-E99A24A5C9A4}.Debug|x86.ActiveCfg = Debug|Win32
		{BBB3AD12-47D6-43B2-B8DF-E99A24A5C9A4}.Debug|x86.Build.0 = Debug|Win32
		{BBB3AD12-47D6-43B2-B8DF-E99A24A5C9A4}.Release|x64.ActiveCfg = Release|x64
		{BBB3AD12-47D6-43B2-B8DF-E99A24A5C9A4}.Release|x64.Build.0 = Release|x64
		{BBB3AD12-47D6-43B2-B8DF-E99A24A5C9A4}.Release|x86.ActiveCfg = Release|Win32
		{BBB3AD12-47D6-43B2-B8DF-E99A24A5C9A4}.Release|x86.Build.0 = Release|Win32
	EndGlobalSection
	GlobalSection(SolutionProperties) = preSolution
		HideSolutionNode = FALSE
	EndGlobalSection
	GlobalSection(ExtensibilityGlobals) = postSolution
		SolutionGuid = {B8DD7775-22CD-4A40-8519-4F8014DC1A4A}
	EndGlobalSection
EndGlobal
